{
    "_meta": {
        "hash": {
            "sha256": "2d8acc450cd255e1a0cc1ad570785fcd67b32457278ac6fef096154d68a97cc5"
        },
        "pipfile-spec": 6,
        "requires": {
            "python_version": "*"
        },
        "sources": [
            {
                "name": "pypi",
                "url": "https://pypi.org/simple",
                "verify_ssl": true
            }
        ]
    },
    "default": {
        "colour": {
            "hashes": [
                "sha256:33f6db9d564fadc16e59921a56999b79571160ce09916303d35346dddc17978c",
                "sha256:af20120fefd2afede8b001fbef2ea9da70ad7d49fafdb6489025dae8745c3aee"
            ],
            "index": "pypi",
            "version": "==0.1.5"
        },
        "peewee": {
            "hashes": [
                "sha256:2581520c8dfbacd9d580c2719ae259f0637a9e46eda47dfc0ce01864c6366205"
            ],
            "index": "pypi",
            "version": "==3.15.4"
        },
        "simplekml": {
            "hashes": [
                "sha256:cda687be2754395fcab664e908ebf589facd41e8436d233d2be37a69efb1c536"
            ],
            "index": "pypi",
            "version": "==1.3.6"
        }
    },
    "develop": {}
}
